{
  "requires": true,
  "lockfileVersion": 1,
  "dependencies": {
    "qwrtp-palindrome": {
      "version": "0.1.0",
      "resolved": "https://registry.npmjs.org/qwrtp-palindrome/-/qwrtp-palindrome-0.1.0.tgz",
      "integrity": "sha512-Ut3ePGekns5q7KYBpf6AV8UBzfboIqT/l008L8tc0p1J2dX+HMTF7IqBCRJ6e3tTfxH/35WJoCpivhTz4uasPg=="
    }
  }
}
